
Microsoft Visual Studio Solution File, Format Version 12.00
# Visual Studio Version 17
VisualStudioVersion = 17.7.33709.593
MinimumVisualStudioVersion = 10.0.40219.1
Project("{FAE04EC0-301F-11D3-BF4B-00C04F79EFBC}") = "InventAPI", "InventAPI\InventAPI.csproj", "{7EDF61F5-4F9E-491B-B830-55E1573CDD69}"
EndProject
Global
	GlobalSection(SolutionConfigurationPlatforms) = preSolution
		Debug|Any CPU = Debug|Any CPU
		Release|Any CPU = Release|Any CPU
	EndGlobalSection
	GlobalSection(ProjectConfigurationPlatforms) = postSolution
		{7EDF61F5-4F9E-491B-B830-55E1573CDD69}.Debug|Any CPU.ActiveCfg = Debug|Any CPU
		{7EDF61F5-4F9E-491B-B830-55E1573CDD69}.Debug|Any CPU.Build.0 = Debug|Any CPU
		{7EDF61F5-4F9E-491B-B830-55E1573CDD69}.Release|Any CPU.ActiveCfg = Release|Any CPU
		{7EDF61F5-4F9E-491B-B830-55E1573CDD69}.Release|Any CPU.Build.0 = Release|Any CPU
	EndGlobalSection
	GlobalSection(SolutionProperties) = preSolution
		HideSolutionNode = FALSE
	EndGlobalSection
	GlobalSection(ExtensibilityGlobals) = postSolution
		SolutionGuid = {0BEC6696-FA7F-4E25-B836-189667365E9D}
	EndGlobalSection
EndGlobal
