
Microsoft Visual Studio Solution File, Format Version 12.00
# Visual Studio Version 17
VisualStudioVersion = 17.5.33530.505
MinimumVisualStudioVersion = 10.0.40219.1
Project("{FAE04EC0-301F-11D3-BF4B-00C04F79EFBC}") = "LegacyIntranet", "LegacyIntranet\LegacyIntranet.csproj", "{0EF16750-F5C9-46B5-A193-C82A33B75387}"
EndProject
Global
	GlobalSection(SolutionConfigurationPlatforms) = preSolution
		Debug|Any CPU = Debug|Any CPU
		Release|Any CPU = Release|Any CPU
	EndGlobalSection
	GlobalSection(ProjectConfigurationPlatforms) = postSolution
		{0EF16750-F5C9-46B5-A193-C82A33B75387}.Debug|Any CPU.ActiveCfg = Debug|Any CPU
		{0EF16750-F5C9-46B5-A193-C82A33B75387}.Debug|Any CPU.Build.0 = Debug|Any CPU
		{0EF16750-F5C9-46B5-A193-C82A33B75387}.Release|Any CPU.ActiveCfg = Release|Any CPU
		{0EF16750-F5C9-46B5-A193-C82A33B75387}.Release|Any CPU.Build.0 = Release|Any CPU
	EndGlobalSection
	GlobalSection(SolutionProperties) = preSolution
		HideSolutionNode = FALSE
	EndGlobalSection
	GlobalSection(ExtensibilityGlobals) = postSolution
		SolutionGuid = {0D125D5B-DE6D-4FEE-8245-6B544B5F7860}
	EndGlobalSection
EndGlobal
